
Microsoft Visual Studio Solution File, Format Version 12.00
# Visual Studio Version 16
VisualStudioVersion = 16.0.28917.181
MinimumVisualStudioVersion = 10.0.40219.1
Project("{FAE04EC0-301F-11D3-BF4B-00C04F79EFBC}") = "exercicio_ExtensionMethods", "exercicio_ExtensionMethods\exercicio_ExtensionMethods.csproj", "{60C7645A-326A-4995-AC47-D84BE1F5A845}"
EndProject
Global
	GlobalSection(SolutionConfigurationPlatforms) = preSolution
		Debug|Any CPU = Debug|Any CPU
		Release|Any CPU = Release|Any CPU
	EndGlobalSection
	GlobalSection(ProjectConfigurationPlatforms) = postSolution
		{60C7645A-326A-4995-AC47-D84BE1F5A845}.Debug|Any CPU.ActiveCfg = Debug|Any CPU
		{60C7645A-326A-4995-AC47-D84BE1F5A845}.Debug|Any CPU.Build.0 = Debug|Any CPU
		{60C7645A-326A-4995-AC47-D84BE1F5A845}.Release|Any CPU.ActiveCfg = Release|Any CPU
		{60C7645A-326A-4995-AC47-D84BE1F5A845}.Release|Any CPU.Build.0 = Release|Any CPU
	EndGlobalSection
	GlobalSection(SolutionProperties) = preSolution
		HideSolutionNode = FALSE
	EndGlobalSection
	GlobalSection(ExtensibilityGlobals) = postSolution
		SolutionGuid = {8CD6478F-41A2-4620-99B6-81BF115751E2}
	EndGlobalSection
EndGlobal
