
Microsoft Visual Studio Solution File, Format Version 12.00
# Visual Studio Version 16
VisualStudioVersion = 16.0.28917.181
MinimumVisualStudioVersion = 10.0.40219.1
Project("{FAE04EC0-301F-11D3-BF4B-00C04F79EFBC}") = "exercicio_Interface1", "exercicio_Interface1\exercicio_Interface1.csproj", "{E651CE2B-46E0-4F85-A7F6-62E43C5CFDBE}"
EndProject
Global
	GlobalSection(SolutionConfigurationPlatforms) = preSolution
		Debug|Any CPU = Debug|Any CPU
		Release|Any CPU = Release|Any CPU
	EndGlobalSection
	GlobalSection(ProjectConfigurationPlatforms) = postSolution
		{E651CE2B-46E0-4F85-A7F6-62E43C5CFDBE}.Debug|Any CPU.ActiveCfg = Debug|Any CPU
		{E651CE2B-46E0-4F85-A7F6-62E43C5CFDBE}.Debug|Any CPU.Build.0 = Debug|Any CPU
		{E651CE2B-46E0-4F85-A7F6-62E43C5CFDBE}.Release|Any CPU.ActiveCfg = Release|Any CPU
		{E651CE2B-46E0-4F85-A7F6-62E43C5CFDBE}.Release|Any CPU.Build.0 = Release|Any CPU
	EndGlobalSection
	GlobalSection(SolutionProperties) = preSolution
		HideSolutionNode = FALSE
	EndGlobalSection
	GlobalSection(ExtensibilityGlobals) = postSolution
		SolutionGuid = {74DE0867-58F7-4654-BCFA-37F6AA257E05}
	EndGlobalSection
EndGlobal
