
Microsoft Visual Studio Solution File, Format Version 12.00
# Visual Studio Version 16
VisualStudioVersion = 16.0.28917.181
MinimumVisualStudioVersion = 10.0.40219.1
Project("{FAE04EC0-301F-11D3-BF4B-00C04F79EFBC}") = "exercicio_Comparison", "exercicio_Comparison\exercicio_Comparison.csproj", "{CBC8533C-5DF7-4931-A352-E4BF3E93965B}"
EndProject
Global
	GlobalSection(SolutionConfigurationPlatforms) = preSolution
		Debug|Any CPU = Debug|Any CPU
		Release|Any CPU = Release|Any CPU
	EndGlobalSection
	GlobalSection(ProjectConfigurationPlatforms) = postSolution
		{CBC8533C-5DF7-4931-A352-E4BF3E93965B}.Debug|Any CPU.ActiveCfg = Debug|Any CPU
		{CBC8533C-5DF7-4931-A352-E4BF3E93965B}.Debug|Any CPU.Build.0 = Debug|Any CPU
		{CBC8533C-5DF7-4931-A352-E4BF3E93965B}.Release|Any CPU.ActiveCfg = Release|Any CPU
		{CBC8533C-5DF7-4931-A352-E4BF3E93965B}.Release|Any CPU.Build.0 = Release|Any CPU
	EndGlobalSection
	GlobalSection(SolutionProperties) = preSolution
		HideSolutionNode = FALSE
	EndGlobalSection
	GlobalSection(ExtensibilityGlobals) = postSolution
		SolutionGuid = {AF04F333-12E0-4FB3-9104-275E8AD71F52}
	EndGlobalSection
EndGlobal
