
Microsoft Visual Studio Solution File, Format Version 12.00
# Visual Studio Version 16
VisualStudioVersion = 16.0.28803.452
MinimumVisualStudioVersion = 10.0.40219.1
Project("{FAE04EC0-301F-11D3-BF4B-00C04F79EFBC}") = "exercicio_Directory", "exercicio_Directory\exercicio_Directory.csproj", "{B1CABD04-7B8C-48AB-8375-8B63E3B9A074}"
EndProject
Global
	GlobalSection(SolutionConfigurationPlatforms) = preSolution
		Debug|Any CPU = Debug|Any CPU
		Release|Any CPU = Release|Any CPU
	EndGlobalSection
	GlobalSection(ProjectConfigurationPlatforms) = postSolution
		{B1CABD04-7B8C-48AB-8375-8B63E3B9A074}.Debug|Any CPU.ActiveCfg = Debug|Any CPU
		{B1CABD04-7B8C-48AB-8375-8B63E3B9A074}.Debug|Any CPU.Build.0 = Debug|Any CPU
		{B1CABD04-7B8C-48AB-8375-8B63E3B9A074}.Release|Any CPU.ActiveCfg = Release|Any CPU
		{B1CABD04-7B8C-48AB-8375-8B63E3B9A074}.Release|Any CPU.Build.0 = Release|Any CPU
	EndGlobalSection
	GlobalSection(SolutionProperties) = preSolution
		HideSolutionNode = FALSE
	EndGlobalSection
	GlobalSection(ExtensibilityGlobals) = postSolution
		SolutionGuid = {BC86B0D9-F5D7-44AD-9480-C83959C1356D}
	EndGlobalSection
EndGlobal
