
Microsoft Visual Studio Solution File, Format Version 12.00
# Visual Studio 15
VisualStudioVersion = 15.0.28307.572
MinimumVisualStudioVersion = 10.0.40219.1
Project("{FAE04EC0-301F-11D3-BF4B-00C04F79EFBC}") = "Treino_Composicao", "Treino_Composicao\Treino_Composicao.csproj", "{1C5476D4-B990-47AC-8784-406A251D63FF}"
EndProject
Global
	GlobalSection(SolutionConfigurationPlatforms) = preSolution
		Debug|Any CPU = Debug|Any CPU
		Release|Any CPU = Release|Any CPU
	EndGlobalSection
	GlobalSection(ProjectConfigurationPlatforms) = postSolution
		{1C5476D4-B990-47AC-8784-406A251D63FF}.Debug|Any CPU.ActiveCfg = Debug|Any CPU
		{1C5476D4-B990-47AC-8784-406A251D63FF}.Debug|Any CPU.Build.0 = Debug|Any CPU
		{1C5476D4-B990-47AC-8784-406A251D63FF}.Release|Any CPU.ActiveCfg = Release|Any CPU
		{1C5476D4-B990-47AC-8784-406A251D63FF}.Release|Any CPU.Build.0 = Release|Any CPU
	EndGlobalSection
	GlobalSection(SolutionProperties) = preSolution
		HideSolutionNode = FALSE
	EndGlobalSection
	GlobalSection(ExtensibilityGlobals) = postSolution
		SolutionGuid = {5D9AE393-0FF1-4ED8-8C7F-919A566347E9}
	EndGlobalSection
EndGlobal
